// !$*UTF8*$!
{
	archiveVersion = 1;
	classes = {
	};
	objectVersion = 56;
	objects = {

/* Begin PBXBuildFile section */
		3A37F759616E1374D5A397DE /* Pods_CurrencyBM_CurrencyBMUITests.framework in Frameworks */ = {isa = PBXBuildFile; fileRef = A79EAD919CE4CD137F397340 /* Pods_CurrencyBM_CurrencyBMUITests.framework */; };
		5C31BD9F208DDE165A97C484 /* Pods_CurrencyBM.framework in Frameworks */ = {isa = PBXBuildFile; fileRef = 972D7154EFB932EBEF43844E /* Pods_CurrencyBM.framework */; };
		84261BCE2A2BB89E000443E9 /* CurrenciesService.swift in Sources */ = {isa = PBXBuildFile; fileRef = 84261BCD2A2BB89E000443E9 /* CurrenciesService.swift */; };
		84261BD02A2BBE6B000443E9 /* RouterAPI.swift in Sources */ = {isa = PBXBuildFile; fileRef = 84261BCF2A2BBE6B000443E9 /* RouterAPI.swift */; };
		84261BD62A2BC6CD000443E9 /* CurrenciesViewModel.swift in Sources */ = {isa = PBXBuildFile; fileRef = 84261BD52A2BC6CD000443E9 /* CurrenciesViewModel.swift */; };
		84261BD92A2BCD5F000443E9 /* CurrenciesRepository.swift in Sources */ = {isa = PBXBuildFile; fileRef = 84261BD82A2BCD5F000443E9 /* CurrenciesRepository.swift */; };
		843120F72A2B73BD00066859 /* CurrencyBMApp.swift in Sources */ = {isa = PBXBuildFile; fileRef = 843120F62A2B73BD00066859 /* CurrencyBMApp.swift */; };
		843120F92A2B73BD00066859 /* CurrenciesView.swift in Sources */ = {isa = PBXBuildFile; fileRef = 843120F82A2B73BD00066859 /* CurrenciesView.swift */; };
		843120FB2A2B73C100066859 /* Assets.xcassets in Resources */ = {isa = PBXBuildFile; fileRef = 843120FA2A2B73C100066859 /* Assets.xcassets */; };
		843120FE2A2B73C100066859 /* Preview Assets.xcassets in Resources */ = {isa = PBXBuildFile; fileRef = 843120FD2A2B73C100066859 /* Preview Assets.xcassets */; };
		843121002A2B73C100066859 /* Persistence.swift in Sources */ = {isa = PBXBuildFile; fileRef = 843120FF2A2B73C100066859 /* Persistence.swift */; };
		843121032A2B73C100066859 /* CurrencyBM.xcdatamodeld in Sources */ = {isa = PBXBuildFile; fileRef = 843121012A2B73C100066859 /* CurrencyBM.xcdatamodeld */; };
		8431210D2A2B73C200066859 /* CurrencyBMTests.swift in Sources */ = {isa = PBXBuildFile; fileRef = 8431210C2A2B73C200066859 /* CurrencyBMTests.swift */; };
		843121172A2B73C200066859 /* CurrencyBMUITests.swift in Sources */ = {isa = PBXBuildFile; fileRef = 843121162A2B73C200066859 /* CurrencyBMUITests.swift */; };
		843121192A2B73C200066859 /* CurrencyBMUITestsLaunchTests.swift in Sources */ = {isa = PBXBuildFile; fileRef = 843121182A2B73C200066859 /* CurrencyBMUITestsLaunchTests.swift */; };
		843121292A2B7F0F00066859 /* ColorsExtensions.swift in Sources */ = {isa = PBXBuildFile; fileRef = 843121282A2B7F0F00066859 /* ColorsExtensions.swift */; };
		8431212B2A2B871300066859 /* StringsExtension.swift in Sources */ = {isa = PBXBuildFile; fileRef = 8431212A2A2B871300066859 /* StringsExtension.swift */; };
		843121322A2BA2AD00066859 /* Constants.swift in Sources */ = {isa = PBXBuildFile; fileRef = 843121312A2BA2AD00066859 /* Constants.swift */; };
		8441E5F22A2BD6DE008F1B5D /* BaseResponse.swift in Sources */ = {isa = PBXBuildFile; fileRef = 8441E5F12A2BD6DE008F1B5D /* BaseResponse.swift */; };
		8441E5F42A2BDAC9008F1B5D /* AllSymbolsItem.swift in Sources */ = {isa = PBXBuildFile; fileRef = 8441E5F32A2BDAC9008F1B5D /* AllSymbolsItem.swift */; };
		8441E5F62A2BE096008F1B5D /* CurrenciesUseCases.swift in Sources */ = {isa = PBXBuildFile; fileRef = 8441E5F52A2BE096008F1B5D /* CurrenciesUseCases.swift */; };
		8441E5F82A2BF6D4008F1B5D /* APIEndpoint.swift in Sources */ = {isa = PBXBuildFile; fileRef = 8441E5F72A2BF6D4008F1B5D /* APIEndpoint.swift */; };
		8441E5FA2A2C0088008F1B5D /* ErrorExternsion.swift in Sources */ = {isa = PBXBuildFile; fileRef = 8441E5F92A2C0088008F1B5D /* ErrorExternsion.swift */; };
		849448CD2A33A15400EAAC27 /* DetailsView.swift in Sources */ = {isa = PBXBuildFile; fileRef = 849448CC2A33A15400EAAC27 /* DetailsView.swift */; };
		849448CF2A33B05900EAAC27 /* CurrenciesSelectionView.swift in Sources */ = {isa = PBXBuildFile; fileRef = 849448CE2A33B05900EAAC27 /* CurrenciesSelectionView.swift */; };
		849448D12A33B47A00EAAC27 /* BarChartView.swift in Sources */ = {isa = PBXBuildFile; fileRef = 849448D02A33B47A00EAAC27 /* BarChartView.swift */; };
		849448D32A33E6E500EAAC27 /* DateExtension.swift in Sources */ = {isa = PBXBuildFile; fileRef = 849448D22A33E6E500EAAC27 /* DateExtension.swift */; };
		849448D62A33EA2000EAAC27 /* DBManager.swift in Sources */ = {isa = PBXBuildFile; fileRef = 849448D52A33EA2000EAAC27 /* DBManager.swift */; };
		CB88AD793B3DA9252442A94B /* Pods_CurrencyBMTests.framework in Frameworks */ = {isa = PBXBuildFile; fileRef = 9F6636AF2CA590FEE80B36C5 /* Pods_CurrencyBMTests.framework */; };
/* End PBXBuildFile section */

/* Begin PBXContainerItemProxy section */
		843121092A2B73C200066859 /* PBXContainerItemProxy */ = {
			isa = PBXContainerItemProxy;
			containerPortal = 843120EB2A2B73BD00066859 /* Project object */;
			proxyType = 1;
			remoteGlobalIDString = 843120F22A2B73BD00066859;
			remoteInfo = CurrencyBM;
		};
		843121132A2B73C200066859 /* PBXContainerItemProxy */ = {
			isa = PBXContainerItemProxy;
			containerPortal = 843120EB2A2B73BD00066859 /* Project object */;
			proxyType = 1;
			remoteGlobalIDString = 843120F22A2B73BD00066859;
			remoteInfo = CurrencyBM;
		};
/* End PBXContainerItemProxy section */

/* Begin PBXFileReference section */
		0C4A86C2FA663CE6FC56B98D /* Pods-CurrencyBMTests.release.xcconfig */ = {isa = PBXFileReference; includeInIndex = 1; lastKnownFileType = text.xcconfig; name = "Pods-CurrencyBMTests.release.xcconfig"; path = "Target Support Files/Pods-CurrencyBMTests/Pods-CurrencyBMTests.release.xcconfig"; sourceTree = "<group>"; };
		478137A7C1AE18C16C5E3709 /* Pods-CurrencyBM-CurrencyBMUITests.release.xcconfig */ = {isa = PBXFileReference; includeInIndex = 1; lastKnownFileType = text.xcconfig; name = "Pods-CurrencyBM-CurrencyBMUITests.release.xcconfig"; path = "Target Support Files/Pods-CurrencyBM-CurrencyBMUITests/Pods-CurrencyBM-CurrencyBMUITests.release.xcconfig"; sourceTree = "<group>"; };
		55F3453A2D02E1D7245FAA84 /* Pods-CurrencyBM-CurrencyBMUITests.debug.xcconfig */ = {isa = PBXFileReference; includeInIndex = 1; lastKnownFileType = text.xcconfig; name = "Pods-CurrencyBM-CurrencyBMUITests.debug.xcconfig"; path = "Target Support Files/Pods-CurrencyBM-CurrencyBMUITests/Pods-CurrencyBM-CurrencyBMUITests.debug.xcconfig"; sourceTree = "<group>"; };
		84261BCB2A2BA937000443E9 /* Info.plist */ = {isa = PBXFileReference; lastKnownFileType = text.plist; path = Info.plist; sourceTree = "<group>"; };
		84261BCD2A2BB89E000443E9 /* CurrenciesService.swift */ = {isa = PBXFileReference; lastKnownFileType = sourcecode.swift; path = CurrenciesService.swift; sourceTree = "<group>"; };
		84261BCF2A2BBE6B000443E9 /* RouterAPI.swift */ = {isa = PBXFileReference; lastKnownFileType = sourcecode.swift; path = RouterAPI.swift; sourceTree = "<group>"; };
		84261BD52A2BC6CD000443E9 /* CurrenciesViewModel.swift */ = {isa = PBXFileReference; lastKnownFileType = sourcecode.swift; path = CurrenciesViewModel.swift; sourceTree = "<group>"; };
		84261BD82A2BCD5F000443E9 /* CurrenciesRepository.swift */ = {isa = PBXFileReference; lastKnownFileType = sourcecode.swift; path = CurrenciesRepository.swift; sourceTree = "<group>"; };
		843120F32A2B73BD00066859 /* CurrencyBM.app */ = {isa = PBXFileReference; explicitFileType = wrapper.application; includeInIndex = 0; path = CurrencyBM.app; sourceTree = BUILT_PRODUCTS_DIR; };
		843120F62A2B73BD00066859 /* CurrencyBMApp.swift */ = {isa = PBXFileReference; lastKnownFileType = sourcecode.swift; path = CurrencyBMApp.swift; sourceTree = "<group>"; };
		843120F82A2B73BD00066859 /* CurrenciesView.swift */ = {isa = PBXFileReference; lastKnownFileType = sourcecode.swift; path = CurrenciesView.swift; sourceTree = "<group>"; };
		843120FA2A2B73C100066859 /* Assets.xcassets */ = {isa = PBXFileReference; lastKnownFileType = folder.assetcatalog; path = Assets.xcassets; sourceTree = "<group>"; };
		843120FD2A2B73C100066859 /* Preview Assets.xcassets */ = {isa = PBXFileReference; lastKnownFileType = folder.assetcatalog; path = "Preview Assets.xcassets"; sourceTree = "<group>"; };
		843120FF2A2B73C100066859 /* Persistence.swift */ = {isa = PBXFileReference; lastKnownFileType = sourcecode.swift; path = Persistence.swift; sourceTree = "<group>"; };
		843121022A2B73C100066859 /* CurrencyBM.xcdatamodel */ = {isa = PBXFileReference; lastKnownFileType = wrapper.xcdatamodel; path = CurrencyBM.xcdatamodel; sourceTree = "<group>"; };
		843121082A2B73C200066859 /* CurrencyBMTests.xctest */ = {isa = PBXFileReference; explicitFileType = wrapper.cfbundle; includeInIndex = 0; path = CurrencyBMTests.xctest; sourceTree = BUILT_PRODUCTS_DIR; };
		8431210C2A2B73C200066859 /* CurrencyBMTests.swift */ = {isa = PBXFileReference; lastKnownFileType = sourcecode.swift; path = CurrencyBMTests.swift; sourceTree = "<group>"; };
		843121122A2B73C200066859 /* CurrencyBMUITests.xctest */ = {isa = PBXFileReference; explicitFileType = wrapper.cfbundle; includeInIndex = 0; path = CurrencyBMUITests.xctest; sourceTree = BUILT_PRODUCTS_DIR; };
		843121162A2B73C200066859 /* CurrencyBMUITests.swift */ = {isa = PBXFileReference; lastKnownFileType = sourcecode.swift; path = CurrencyBMUITests.swift; sourceTree = "<group>"; };
		843121182A2B73C200066859 /* CurrencyBMUITestsLaunchTests.swift */ = {isa = PBXFileReference; lastKnownFileType = sourcecode.swift; path = CurrencyBMUITestsLaunchTests.swift; sourceTree = "<group>"; };
		843121282A2B7F0F00066859 /* ColorsExtensions.swift */ = {isa = PBXFileReference; lastKnownFileType = sourcecode.swift; path = ColorsExtensions.swift; sourceTree = "<group>"; };
		8431212A2A2B871300066859 /* StringsExtension.swift */ = {isa = PBXFileReference; lastKnownFileType = sourcecode.swift; path = StringsExtension.swift; sourceTree = "<group>"; };
		843121312A2BA2AD00066859 /* Constants.swift */ = {isa = PBXFileReference; lastKnownFileType = sourcecode.swift; path = Constants.swift; sourceTree = "<group>"; };
		8441E5F12A2BD6DE008F1B5D /* BaseResponse.swift */ = {isa = PBXFileReference; lastKnownFileType = sourcecode.swift; path = BaseResponse.swift; sourceTree = "<group>"; };
		8441E5F32A2BDAC9008F1B5D /* AllSymbolsItem.swift */ = {isa = PBXFileReference; lastKnownFileType = sourcecode.swift; path = AllSymbolsItem.swift; sourceTree = "<group>"; };
		8441E5F52A2BE096008F1B5D /* CurrenciesUseCases.swift */ = {isa = PBXFileReference; lastKnownFileType = sourcecode.swift; path = CurrenciesUseCases.swift; sourceTree = "<group>"; };
		8441E5F72A2BF6D4008F1B5D /* APIEndpoint.swift */ = {isa = PBXFileReference; lastKnownFileType = sourcecode.swift; path = APIEndpoint.swift; sourceTree = "<group>"; };
		8441E5F92A2C0088008F1B5D /* ErrorExternsion.swift */ = {isa = PBXFileReference; lastKnownFileType = sourcecode.swift; path = ErrorExternsion.swift; sourceTree = "<group>"; };
		849448CC2A33A15400EAAC27 /* DetailsView.swift */ = {isa = PBXFileReference; lastKnownFileType = sourcecode.swift; path = DetailsView.swift; sourceTree = "<group>"; };
		849448CE2A33B05900EAAC27 /* CurrenciesSelectionView.swift */ = {isa = PBXFileReference; lastKnownFileType = sourcecode.swift; path = CurrenciesSelectionView.swift; sourceTree = "<group>"; };
		849448D02A33B47A00EAAC27 /* BarChartView.swift */ = {isa = PBXFileReference; lastKnownFileType = sourcecode.swift; path = BarChartView.swift; sourceTree = "<group>"; };
		849448D22A33E6E500EAAC27 /* DateExtension.swift */ = {isa = PBXFileReference; lastKnownFileType = sourcecode.swift; path = DateExtension.swift; sourceTree = "<group>"; };
		849448D52A33EA2000EAAC27 /* DBManager.swift */ = {isa = PBXFileReference; lastKnownFileType = sourcecode.swift; path = DBManager.swift; sourceTree = "<group>"; };
		85FA601304DA6A1B50D96D26 /* Pods-CurrencyBM.release.xcconfig */ = {isa = PBXFileReference; includeInIndex = 1; lastKnownFileType = text.xcconfig; name = "Pods-CurrencyBM.release.xcconfig"; path = "Target Support Files/Pods-CurrencyBM/Pods-CurrencyBM.release.xcconfig"; sourceTree = "<group>"; };
		972D7154EFB932EBEF43844E /* Pods_CurrencyBM.framework */ = {isa = PBXFileReference; explicitFileType = wrapper.framework; includeInIndex = 0; path = Pods_CurrencyBM.framework; sourceTree = BUILT_PRODUCTS_DIR; };
		9F6636AF2CA590FEE80B36C5 /* Pods_CurrencyBMTests.framework */ = {isa = PBXFileReference; explicitFileType = wrapper.framework; includeInIndex = 0; path = Pods_CurrencyBMTests.framework; sourceTree = BUILT_PRODUCTS_DIR; };
		A79EAD919CE4CD137F397340 /* Pods_CurrencyBM_CurrencyBMUITests.framework */ = {isa = PBXFileReference; explicitFileType = wrapper.framework; includeInIndex = 0; path = Pods_CurrencyBM_CurrencyBMUITests.framework; sourceTree = BUILT_PRODUCTS_DIR; };
		FAF1EC24A2643580950815ED /* Pods-CurrencyBMTests.debug.xcconfig */ = {isa = PBXFileReference; includeInIndex = 1; lastKnownFileType = text.xcconfig; name = "Pods-CurrencyBMTests.debug.xcconfig"; path = "Target Support Files/Pods-CurrencyBMTests/Pods-CurrencyBMTests.debug.xcconfig"; sourceTree = "<group>"; };
		FF63265F1ACB2CF24B7F32E2 /* Pods-CurrencyBM.debug.xcconfig */ = {isa = PBXFileReference; includeInIndex = 1; lastKnownFileType = text.xcconfig; name = "Pods-CurrencyBM.debug.xcconfig"; path = "Target Support Files/Pods-CurrencyBM/Pods-CurrencyBM.debug.xcconfig"; sourceTree = "<group>"; };
/* End PBXFileReference section */

/* Begin PBXFrameworksBuildPhase section */
		843120F02A2B73BD00066859 /* Frameworks */ = {
			isa = PBXFrameworksBuildPhase;
			buildActionMask = 2147483647;
			files = (
				5C31BD9F208DDE165A97C484 /* Pods_CurrencyBM.framework in Frameworks */,
			);
			runOnlyForDeploymentPostprocessing = 0;
		};
		843121052A2B73C200066859 /* Frameworks */ = {
			isa = PBXFrameworksBuildPhase;
			buildActionMask = 2147483647;
			files = (
				CB88AD793B3DA9252442A94B /* Pods_CurrencyBMTests.framework in Frameworks */,
			);
			runOnlyForDeploymentPostprocessing = 0;
		};
		8431210F2A2B73C200066859 /* Frameworks */ = {
			isa = PBXFrameworksBuildPhase;
			buildActionMask = 2147483647;
			files = (
				3A37F759616E1374D5A397DE /* Pods_CurrencyBM_CurrencyBMUITests.framework in Frameworks */,
			);
			runOnlyForDeploymentPostprocessing = 0;
		};
/* End PBXFrameworksBuildPhase section */

/* Begin PBXGroup section */
		0ED8A9738D474A34F5D5ABF8 /* Frameworks */ = {
			isa = PBXGroup;
			children = (
				972D7154EFB932EBEF43844E /* Pods_CurrencyBM.framework */,
				A79EAD919CE4CD137F397340 /* Pods_CurrencyBM_CurrencyBMUITests.framework */,
				9F6636AF2CA590FEE80B36C5 /* Pods_CurrencyBMTests.framework */,
			);
			name = Frameworks;
			sourceTree = "<group>";
		};
		84261BCC2A2BB887000443E9 /* Services */ = {
			isa = PBXGroup;
			children = (
				84261BCD2A2BB89E000443E9 /* CurrenciesService.swift */,
			);
			path = Services;
			sourceTree = "<group>";
		};
		84261BD12A2BC638000443E9 /* ViewModels */ = {
			isa = PBXGroup;
			children = (
				84261BD52A2BC6CD000443E9 /* CurrenciesViewModel.swift */,
			);
			path = ViewModels;
			sourceTree = "<group>";
		};
		84261BD22A2BC640000443E9 /* DTO */ = {
			isa = PBXGroup;
			children = (
				8441E5F12A2BD6DE008F1B5D /* BaseResponse.swift */,
				8441E5F32A2BDAC9008F1B5D /* AllSymbolsItem.swift */,
			);
			path = DTO;
			sourceTree = "<group>";
		};
		84261BD72A2BCD46000443E9 /* Repositories */ = {
			isa = PBXGroup;
			children = (
				84261BD82A2BCD5F000443E9 /* CurrenciesRepository.swift */,
			);
			path = Repositories;
			sourceTree = "<group>";
		};
		84261BDA2A2BD509000443E9 /* UseCases */ = {
			isa = PBXGroup;
			children = (
				8441E5F52A2BE096008F1B5D /* CurrenciesUseCases.swift */,
			);
			path = UseCases;
			sourceTree = "<group>";
		};
		843120EA2A2B73BD00066859 = {
			isa = PBXGroup;
			children = (
				843120F52A2B73BD00066859 /* CurrencyBM */,
				8431210B2A2B73C200066859 /* CurrencyBMTests */,
				843121152A2B73C200066859 /* CurrencyBMUITests */,
				843120F42A2B73BD00066859 /* Products */,
				D05DC80285BF2F7ED178DCD9 /* Pods */,
				0ED8A9738D474A34F5D5ABF8 /* Frameworks */,
			);
			sourceTree = "<group>";
		};
		843120F42A2B73BD00066859 /* Products */ = {
			isa = PBXGroup;
			children = (
				843120F32A2B73BD00066859 /* CurrencyBM.app */,
				843121082A2B73C200066859 /* CurrencyBMTests.xctest */,
				843121122A2B73C200066859 /* CurrencyBMUITests.xctest */,
			);
			name = Products;
			sourceTree = "<group>";
		};
		843120F52A2B73BD00066859 /* CurrencyBM */ = {
			isa = PBXGroup;
			children = (
				849448D42A33EA0F00EAAC27 /* DB */,
				8431212D2A2BA17C00066859 /* NetworkLayer */,
				84261BD22A2BC640000443E9 /* DTO */,
				8431212C2A2BA17000066859 /* Views */,
				843121272A2B7EC400066859 /* Extensions */,
				84261BD12A2BC638000443E9 /* ViewModels */,
				84261BDA2A2BD509000443E9 /* UseCases */,
				84261BD72A2BCD46000443E9 /* Repositories */,
				843120FA2A2B73C100066859 /* Assets.xcassets */,
				843120FF2A2B73C100066859 /* Persistence.swift */,
				843121012A2B73C100066859 /* CurrencyBM.xcdatamodeld */,
				84261BCB2A2BA937000443E9 /* Info.plist */,
				843120FC2A2B73C100066859 /* Preview Content */,
			);
			path = CurrencyBM;
			sourceTree = "<group>";
		};
		843120FC2A2B73C100066859 /* Preview Content */ = {
			isa = PBXGroup;
			children = (
				843120FD2A2B73C100066859 /* Preview Assets.xcassets */,
			);
			path = "Preview Content";
			sourceTree = "<group>";
		};
		8431210B2A2B73C200066859 /* CurrencyBMTests */ = {
			isa = PBXGroup;
			children = (
				8431210C2A2B73C200066859 /* CurrencyBMTests.swift */,
			);
			path = CurrencyBMTests;
			sourceTree = "<group>";
		};
		843121152A2B73C200066859 /* CurrencyBMUITests */ = {
			isa = PBXGroup;
			children = (
				843121162A2B73C200066859 /* CurrencyBMUITests.swift */,
				843121182A2B73C200066859 /* CurrencyBMUITestsLaunchTests.swift */,
			);
			path = CurrencyBMUITests;
			sourceTree = "<group>";
		};
		843121272A2B7EC400066859 /* Extensions */ = {
			isa = PBXGroup;
			children = (
				843121282A2B7F0F00066859 /* ColorsExtensions.swift */,
				8431212A2A2B871300066859 /* StringsExtension.swift */,
				8441E5F92A2C0088008F1B5D /* ErrorExternsion.swift */,
				849448D22A33E6E500EAAC27 /* DateExtension.swift */,
			);
			path = Extensions;
			sourceTree = "<group>";
		};
		8431212C2A2BA17000066859 /* Views */ = {
			isa = PBXGroup;
			children = (
				843120F62A2B73BD00066859 /* CurrencyBMApp.swift */,
				843120F82A2B73BD00066859 /* CurrenciesView.swift */,
				849448D02A33B47A00EAAC27 /* BarChartView.swift */,
				849448CE2A33B05900EAAC27 /* CurrenciesSelectionView.swift */,
				849448CC2A33A15400EAAC27 /* DetailsView.swift */,
			);
			path = Views;
			sourceTree = "<group>";
		};
		8431212D2A2BA17C00066859 /* NetworkLayer */ = {
			isa = PBXGroup;
			children = (
				84261BCC2A2BB887000443E9 /* Services */,
				843121312A2BA2AD00066859 /* Constants.swift */,
				84261BCF2A2BBE6B000443E9 /* RouterAPI.swift */,
				8441E5F72A2BF6D4008F1B5D /* APIEndpoint.swift */,
			);
			path = NetworkLayer;
			sourceTree = "<group>";
		};
		849448D42A33EA0F00EAAC27 /* DB */ = {
			isa = PBXGroup;
			children = (
				849448D52A33EA2000EAAC27 /* DBManager.swift */,
			);
			path = DB;
			sourceTree = "<group>";
		};
		D05DC80285BF2F7ED178DCD9 /* Pods */ = {
			isa = PBXGroup;
			children = (
				FF63265F1ACB2CF24B7F32E2 /* Pods-CurrencyBM.debug.xcconfig */,
				85FA601304DA6A1B50D96D26 /* Pods-CurrencyBM.release.xcconfig */,
				55F3453A2D02E1D7245FAA84 /* Pods-CurrencyBM-CurrencyBMUITests.debug.xcconfig */,
				478137A7C1AE18C16C5E3709 /* Pods-CurrencyBM-CurrencyBMUITests.release.xcconfig */,
				FAF1EC24A2643580950815ED /* Pods-CurrencyBMTests.debug.xcconfig */,
				0C4A86C2FA663CE6FC56B98D /* Pods-CurrencyBMTests.release.xcconfig */,
			);
			path = Pods;
			sourceTree = "<group>";
		};
/* End PBXGroup section */

/* Begin PBXNativeTarget section */
		843120F22A2B73BD00066859 /* CurrencyBM */ = {
			isa = PBXNativeTarget;
			buildConfigurationList = 8431211C2A2B73C200066859 /* Build configuration list for PBXNativeTarget "CurrencyBM" */;
			buildPhases = (
				B5473D2F7E9C2BA1E5B25ED3 /* [CP] Check Pods Manifest.lock */,
				843120EF2A2B73BD00066859 /* Sources */,
				843120F02A2B73BD00066859 /* Frameworks */,
				843120F12A2B73BD00066859 /* Resources */,
				CCDEAE7EBB9BA4C374F1BBE0 /* [CP] Embed Pods Frameworks */,
			);
			buildRules = (
			);
			dependencies = (
			);
			name = CurrencyBM;
			productName = CurrencyBM;
			productReference = 843120F32A2B73BD00066859 /* CurrencyBM.app */;
			productType = "com.apple.product-type.application";
		};
		843121072A2B73C200066859 /* CurrencyBMTests */ = {
			isa = PBXNativeTarget;
			buildConfigurationList = 8431211F2A2B73C200066859 /* Build configuration list for PBXNativeTarget "CurrencyBMTests" */;
			buildPhases = (
				4C4ED467CF9D12903673BC89 /* [CP] Check Pods Manifest.lock */,
				843121042A2B73C200066859 /* Sources */,
				843121052A2B73C200066859 /* Frameworks */,
				843121062A2B73C200066859 /* Resources */,
			);
			buildRules = (
			);
			dependencies = (
				8431210A2A2B73C200066859 /* PBXTargetDependency */,
			);
			name = CurrencyBMTests;
			productName = CurrencyBMTests;
			productReference = 843121082A2B73C200066859 /* CurrencyBMTests.xctest */;
			productType = "com.apple.product-type.bundle.unit-test";
		};
		843121112A2B73C200066859 /* CurrencyBMUITests */ = {
			isa = PBXNativeTarget;
			buildConfigurationList = 843121222A2B73C200066859 /* Build configuration list for PBXNativeTarget "CurrencyBMUITests" */;
			buildPhases = (
				954E244B254D450AB0D84DF5 /* [CP] Check Pods Manifest.lock */,
				8431210E2A2B73C200066859 /* Sources */,
				8431210F2A2B73C200066859 /* Frameworks */,
				843121102A2B73C200066859 /* Resources */,
				E1F793EA53AE2CF850DEE82F /* [CP] Embed Pods Frameworks */,
			);
			buildRules = (
			);
			dependencies = (
				843121142A2B73C200066859 /* PBXTargetDependency */,
			);
			name = CurrencyBMUITests;
			productName = CurrencyBMUITests;
			productReference = 843121122A2B73C200066859 /* CurrencyBMUITests.xctest */;
			productType = "com.apple.product-type.bundle.ui-testing";
		};
/* End PBXNativeTarget section */

/* Begin PBXProject section */
		843120EB2A2B73BD00066859 /* Project object */ = {
			isa = PBXProject;
			attributes = {
				BuildIndependentTargetsInParallel = 1;
				LastSwiftUpdateCheck = 1420;
				LastUpgradeCheck = 1420;
				TargetAttributes = {
					843120F22A2B73BD00066859 = {
						CreatedOnToolsVersion = 14.2;
					};
					843121072A2B73C200066859 = {
						CreatedOnToolsVersion = 14.2;
						TestTargetID = 843120F22A2B73BD00066859;
					};
					843121112A2B73C200066859 = {
						CreatedOnToolsVersion = 14.2;
						TestTargetID = 843120F22A2B73BD00066859;
					};
				};
			};
			buildConfigurationList = 843120EE2A2B73BD00066859 /* Build configuration list for PBXProject "CurrencyBM" */;
			compatibilityVersion = "Xcode 14.0";
			developmentRegion = en;
			hasScannedForEncodings = 0;
			knownRegions = (
				en,
				Base,
			);
			mainGroup = 843120EA2A2B73BD00066859;
			productRefGroup = 843120F42A2B73BD00066859 /* Products */;
			projectDirPath = "";
			projectRoot = "";
			targets = (
				843120F22A2B73BD00066859 /* CurrencyBM */,
				843121072A2B73C200066859 /* CurrencyBMTests */,
				843121112A2B73C200066859 /* CurrencyBMUITests */,
			);
		};
/* End PBXProject section */

/* Begin PBXResourcesBuildPhase section */
		843120F12A2B73BD00066859 /* Resources */ = {
			isa = PBXResourcesBuildPhase;
			buildActionMask = 2147483647;
			files = (
				843120FE2A2B73C100066859 /* Preview Assets.xcassets in Resources */,
				843120FB2A2B73C100066859 /* Assets.xcassets in Resources */,
			);
			runOnlyForDeploymentPostprocessing = 0;
		};
		843121062A2B73C200066859 /* Resources */ = {
			isa = PBXResourcesBuildPhase;
			buildActionMask = 2147483647;
			files = (
			);
			runOnlyForDeploymentPostprocessing = 0;
		};
		843121102A2B73C200066859 /* Resources */ = {
			isa = PBXResourcesBuildPhase;
			buildActionMask = 2147483647;
			files = (
			);
			runOnlyForDeploymentPostprocessing = 0;
		};
/* End PBXResourcesBuildPhase section */

/* Begin PBXShellScriptBuildPhase section */
		4C4ED467CF9D12903673BC89 /* [CP] Check Pods Manifest.lock */ = {
			isa = PBXShellScriptBuildPhase;
			buildActionMask = 2147483647;
			files = (
			);
			inputFileListPaths = (
			);
			inputPaths = (
				"${PODS_PODFILE_DIR_PATH}/Podfile.lock",
				"${PODS_ROOT}/Manifest.lock",
			);
			name = "[CP] Check Pods Manifest.lock";
			outputFileListPaths = (
			);
			outputPaths = (
				"$(DERIVED_FILE_DIR)/Pods-CurrencyBMTests-checkManifestLockResult.txt",
			);
			runOnlyForDeploymentPostprocessing = 0;
			shellPath = /bin/sh;
			shellScript = "diff \"${PODS_PODFILE_DIR_PATH}/Podfile.lock\" \"${PODS_ROOT}/Manifest.lock\" > /dev/null\nif [ $? != 0 ] ; then\n    # print error to STDERR\n    echo \"error: The sandbox is not in sync with the Podfile.lock. Run 'pod install' or update your CocoaPods installation.\" >&2\n    exit 1\nfi\n# This output is used by Xcode 'outputs' to avoid re-running this script phase.\necho \"SUCCESS\" > \"${SCRIPT_OUTPUT_FILE_0}\"\n";
			showEnvVarsInLog = 0;
		};
		954E244B254D450AB0D84DF5 /* [CP] Check Pods Manifest.lock */ = {
			isa = PBXShellScriptBuildPhase;
			buildActionMask = 2147483647;
			files = (
			);
			inputFileListPaths = (
			);
			inputPaths = (
				"${PODS_PODFILE_DIR_PATH}/Podfile.lock",
				"${PODS_ROOT}/Manifest.lock",
			);
			name = "[CP] Check Pods Manifest.lock";
			outputFileListPaths = (
			);
			outputPaths = (
				"$(DERIVED_FILE_DIR)/Pods-CurrencyBM-CurrencyBMUITests-checkManifestLockResult.txt",
			);
			runOnlyForDeploymentPostprocessing = 0;
			shellPath = /bin/sh;
			shellScript = "diff \"${PODS_PODFILE_DIR_PATH}/Podfile.lock\" \"${PODS_ROOT}/Manifest.lock\" > /dev/null\nif [ $? != 0 ] ; then\n    # print error to STDERR\n    echo \"error: The sandbox is not in sync with the Podfile.lock. Run 'pod install' or update your CocoaPods installation.\" >&2\n    exit 1\nfi\n# This output is used by Xcode 'outputs' to avoid re-running this script phase.\necho \"SUCCESS\" > \"${SCRIPT_OUTPUT_FILE_0}\"\n";
			showEnvVarsInLog = 0;
		};
		B5473D2F7E9C2BA1E5B25ED3 /* [CP] Check Pods Manifest.lock */ = {
			isa = PBXShellScriptBuildPhase;
			buildActionMask = 2147483647;
			files = (
			);
			inputFileListPaths = (
			);
			inputPaths = (
				"${PODS_PODFILE_DIR_PATH}/Podfile.lock",
				"${PODS_ROOT}/Manifest.lock",
			);
			name = "[CP] Check Pods Manifest.lock";
			outputFileListPaths = (
			);
			outputPaths = (
				"$(DERIVED_FILE_DIR)/Pods-CurrencyBM-checkManifestLockResult.txt",
			);
			runOnlyForDeploymentPostprocessing = 0;
			shellPath = /bin/sh;
			shellScript = "diff \"${PODS_PODFILE_DIR_PATH}/Podfile.lock\" \"${PODS_ROOT}/Manifest.lock\" > /dev/null\nif [ $? != 0 ] ; then\n    # print error to STDERR\n    echo \"error: The sandbox is not in sync with the Podfile.lock. Run 'pod install' or update your CocoaPods installation.\" >&2\n    exit 1\nfi\n# This output is used by Xcode 'outputs' to avoid re-running this script phase.\necho \"SUCCESS\" > \"${SCRIPT_OUTPUT_FILE_0}\"\n";
			showEnvVarsInLog = 0;
		};
		CCDEAE7EBB9BA4C374F1BBE0 /* [CP] Embed Pods Frameworks */ = {
			isa = PBXShellScriptBuildPhase;
			buildActionMask = 2147483647;
			files = (
			);
			inputFileListPaths = (
				"${PODS_ROOT}/Target Support Files/Pods-CurrencyBM/Pods-CurrencyBM-frameworks-${CONFIGURATION}-input-files.xcfilelist",
			);
			name = "[CP] Embed Pods Frameworks";
			outputFileListPaths = (
				"${PODS_ROOT}/Target Support Files/Pods-CurrencyBM/Pods-CurrencyBM-frameworks-${CONFIGURATION}-output-files.xcfilelist",
			);
			runOnlyForDeploymentPostprocessing = 0;
			shellPath = /bin/sh;
			shellScript = "\"${PODS_ROOT}/Target Support Files/Pods-CurrencyBM/Pods-CurrencyBM-frameworks.sh\"\n";
			showEnvVarsInLog = 0;
		};
		E1F793EA53AE2CF850DEE82F /* [CP] Embed Pods Frameworks */ = {
			isa = PBXShellScriptBuildPhase;
			buildActionMask = 2147483647;
			files = (
			);
			inputFileListPaths = (
				"${PODS_ROOT}/Target Support Files/Pods-CurrencyBM-CurrencyBMUITests/Pods-CurrencyBM-CurrencyBMUITests-frameworks-${CONFIGURATION}-input-files.xcfilelist",
			);
			name = "[CP] Embed Pods Frameworks";
			outputFileListPaths = (
				"${PODS_ROOT}/Target Support Files/Pods-CurrencyBM-CurrencyBMUITests/Pods-CurrencyBM-CurrencyBMUITests-frameworks-${CONFIGURATION}-output-files.xcfilelist",
			);
			runOnlyForDeploymentPostprocessing = 0;
			shellPath = /bin/sh;
			shellScript = "\"${PODS_ROOT}/Target Support Files/Pods-CurrencyBM-CurrencyBMUITests/Pods-CurrencyBM-CurrencyBMUITests-frameworks.sh\"\n";
			showEnvVarsInLog = 0;
		};
/* End PBXShellScriptBuildPhase section */

/* Begin PBXSourcesBuildPhase section */
		843120EF2A2B73BD00066859 /* Sources */ = {
			isa = PBXSourcesBuildPhase;
			buildActionMask = 2147483647;
			files = (
				8431212B2A2B871300066859 /* StringsExtension.swift in Sources */,
				849448D32A33E6E500EAAC27 /* DateExtension.swift in Sources */,
				843121002A2B73C100066859 /* Persistence.swift in Sources */,
				843121292A2B7F0F00066859 /* ColorsExtensions.swift in Sources */,
				84261BD02A2BBE6B000443E9 /* RouterAPI.swift in Sources */,
				849448CF2A33B05900EAAC27 /* CurrenciesSelectionView.swift in Sources */,
				84261BD92A2BCD5F000443E9 /* CurrenciesRepository.swift in Sources */,
				84261BD62A2BC6CD000443E9 /* CurrenciesViewModel.swift in Sources */,
				8441E5F82A2BF6D4008F1B5D /* APIEndpoint.swift in Sources */,
				843121032A2B73C100066859 /* CurrencyBM.xcdatamodeld in Sources */,
				8441E5F42A2BDAC9008F1B5D /* AllSymbolsItem.swift in Sources */,
				849448D12A33B47A00EAAC27 /* BarChartView.swift in Sources */,
				8441E5FA2A2C0088008F1B5D /* ErrorExternsion.swift in Sources */,
				849448D62A33EA2000EAAC27 /* DBManager.swift in Sources */,
				843120F92A2B73BD00066859 /* CurrenciesView.swift in Sources */,
				843120F72A2B73BD00066859 /* CurrencyBMApp.swift in Sources */,
				843121322A2BA2AD00066859 /* Constants.swift in Sources */,
				8441E5F62A2BE096008F1B5D /* CurrenciesUseCases.swift in Sources */,
				849448CD2A33A15400EAAC27 /* DetailsView.swift in Sources */,
				84261BCE2A2BB89E000443E9 /* CurrenciesService.swift in Sources */,
				8441E5F22A2BD6DE008F1B5D /* BaseResponse.swift in Sources */,
			);
			runOnlyForDeploymentPostprocessing = 0;
		};
		843121042A2B73C200066859 /* Sources */ = {
			isa = PBXSourcesBuildPhase;
			buildActionMask = 2147483647;
			files = (
				8431210D2A2B73C200066859 /* CurrencyBMTests.swift in Sources */,
			);
			runOnlyForDeploymentPostprocessing = 0;
		};
		8431210E2A2B73C200066859 /* Sources */ = {
			isa = PBXSourcesBuildPhase;
			buildActionMask = 2147483647;
			files = (
				843121192A2B73C200066859 /* CurrencyBMUITestsLaunchTests.swift in Sources */,
				843121172A2B73C200066859 /* CurrencyBMUITests.swift in Sources */,
			);
			runOnlyForDeploymentPostprocessing = 0;
		};
/* End PBXSourcesBuildPhase section */

/* Begin PBXTargetDependency section */
		8431210A2A2B73C200066859 /* PBXTargetDependency */ = {
			isa = PBXTargetDependency;
			target = 843120F22A2B73BD00066859 /* CurrencyBM */;
			targetProxy = 843121092A2B73C200066859 /* PBXContainerItemProxy */;
		};
		843121142A2B73C200066859 /* PBXTargetDependency */ = {
			isa = PBXTargetDependency;
			target = 843120F22A2B73BD00066859 /* CurrencyBM */;
			targetProxy = 843121132A2B73C200066859 /* PBXContainerItemProxy */;
		};
/* End PBXTargetDependency section */

/* Begin XCBuildConfiguration section */
		8431211A2A2B73C200066859 /* Debug */ = {
			isa = XCBuildConfiguration;
			buildSettings = {
				ALWAYS_SEARCH_USER_PATHS = NO;
				CLANG_ANALYZER_NONNULL = YES;
				CLANG_ANALYZER_NUMBER_OBJECT_CONVERSION = YES_AGGRESSIVE;
				CLANG_CXX_LANGUAGE_STANDARD = "gnu++20";
				CLANG_ENABLE_MODULES = YES;
				CLANG_ENABLE_OBJC_ARC = YES;
				CLANG_ENABLE_OBJC_WEAK = YES;
				CLANG_WARN_BLOCK_CAPTURE_AUTORELEASING = YES;
				CLANG_WARN_BOOL_CONVERSION = YES;
				CLANG_WARN_COMMA = YES;
				CLANG_WARN_CONSTANT_CONVERSION = YES;
				CLANG_WARN_DEPRECATED_OBJC_IMPLEMENTATIONS = YES;
				CLANG_WARN_DIRECT_OBJC_ISA_USAGE = YES_ERROR;
				CLANG_WARN_DOCUMENTATION_COMMENTS = YES;
				CLANG_WARN_EMPTY_BODY = YES;
				CLANG_WARN_ENUM_CONVERSION = YES;
				CLANG_WARN_INFINITE_RECURSION = YES;
				CLANG_WARN_INT_CONVERSION = YES;
				CLANG_WARN_NON_LITERAL_NULL_CONVERSION = YES;
				CLANG_WARN_OBJC_IMPLICIT_RETAIN_SELF = YES;
				CLANG_WARN_OBJC_LITERAL_CONVERSION = YES;
				CLANG_WARN_OBJC_ROOT_CLASS = YES_ERROR;
				CLANG_WARN_QUOTED_INCLUDE_IN_FRAMEWORK_HEADER = YES;
				CLANG_WARN_RANGE_LOOP_ANALYSIS = YES;
				CLANG_WARN_STRICT_PROTOTYPES = YES;
				CLANG_WARN_SUSPICIOUS_MOVE = YES;
				CLANG_WARN_UNGUARDED_AVAILABILITY = YES_AGGRESSIVE;
				CLANG_WARN_UNREACHABLE_CODE = YES;
				CLANG_WARN__DUPLICATE_METHOD_MATCH = YES;
				COPY_PHASE_STRIP = NO;
				DEBUG_INFORMATION_FORMAT = dwarf;
				ENABLE_STRICT_OBJC_MSGSEND = YES;
				ENABLE_TESTABILITY = YES;
				GCC_C_LANGUAGE_STANDARD = gnu11;
				GCC_DYNAMIC_NO_PIC = NO;
				GCC_NO_COMMON_BLOCKS = YES;
				GCC_OPTIMIZATION_LEVEL = 0;
				GCC_PREPROCESSOR_DEFINITIONS = (
					"DEBUG=1",
					"$(inherited)",
				);
				GCC_WARN_64_TO_32_BIT_CONVERSION = YES;
				GCC_WARN_ABOUT_RETURN_TYPE = YES_ERROR;
				GCC_WARN_UNDECLARED_SELECTOR = YES;
				GCC_WARN_UNINITIALIZED_AUTOS = YES_AGGRESSIVE;
				GCC_WARN_UNUSED_FUNCTION = YES;
				GCC_WARN_UNUSED_VARIABLE = YES;
				IPHONEOS_DEPLOYMENT_TARGET = 16.2;
				MTL_ENABLE_DEBUG_INFO = INCLUDE_SOURCE;
				MTL_FAST_MATH = YES;
				ONLY_ACTIVE_ARCH = YES;
				SDKROOT = iphoneos;
				SWIFT_ACTIVE_COMPILATION_CONDITIONS = DEBUG;
				SWIFT_OPTIMIZATION_LEVEL = "-Onone";
			};
			name = Debug;
		};
		8431211B2A2B73C200066859 /* Release */ = {
			isa = XCBuildConfiguration;
			buildSettings = {
				ALWAYS_SEARCH_USER_PATHS = NO;
				CLANG_ANALYZER_NONNULL = YES;
				CLANG_ANALYZER_NUMBER_OBJECT_CONVERSION = YES_AGGRESSIVE;
				CLANG_CXX_LANGUAGE_STANDARD = "gnu++20";
				CLANG_ENABLE_MODULES = YES;
				CLANG_ENABLE_OBJC_ARC = YES;
				CLANG_ENABLE_OBJC_WEAK = YES;
				CLANG_WARN_BLOCK_CAPTURE_AUTORELEASING = YES;
				CLANG_WARN_BOOL_CONVERSION = YES;
				CLANG_WARN_COMMA = YES;
				CLANG_WARN_CONSTANT_CONVERSION = YES;
				CLANG_WARN_DEPRECATED_OBJC_IMPLEMENTATIONS = YES;
				CLANG_WARN_DIRECT_OBJC_ISA_USAGE = YES_ERROR;
				CLANG_WARN_DOCUMENTATION_COMMENTS = YES;
				CLANG_WARN_EMPTY_BODY = YES;
				CLANG_WARN_ENUM_CONVERSION = YES;
				CLANG_WARN_INFINITE_RECURSION = YES;
				CLANG_WARN_INT_CONVERSION = YES;
				CLANG_WARN_NON_LITERAL_NULL_CONVERSION = YES;
				CLANG_WARN_OBJC_IMPLICIT_RETAIN_SELF = YES;
				CLANG_WARN_OBJC_LITERAL_CONVERSION = YES;
				CLANG_WARN_OBJC_ROOT_CLASS = YES_ERROR;
				CLANG_WARN_QUOTED_INCLUDE_IN_FRAMEWORK_HEADER = YES;
				CLANG_WARN_RANGE_LOOP_ANALYSIS = YES;
				CLANG_WARN_STRICT_PROTOTYPES = YES;
				CLANG_WARN_SUSPICIOUS_MOVE = YES;
				CLANG_WARN_UNGUARDED_AVAILABILITY = YES_AGGRESSIVE;
				CLANG_WARN_UNREACHABLE_CODE = YES;
				CLANG_WARN__DUPLICATE_METHOD_MATCH = YES;
				COPY_PHASE_STRIP = NO;
				DEBUG_INFORMATION_FORMAT = "dwarf-with-dsym";
				ENABLE_NS_ASSERTIONS = NO;
				ENABLE_STRICT_OBJC_MSGSEND = YES;
				GCC_C_LANGUAGE_STANDARD = gnu11;
				GCC_NO_COMMON_BLOCKS = YES;
				GCC_WARN_64_TO_32_BIT_CONVERSION = YES;
				GCC_WARN_ABOUT_RETURN_TYPE = YES_ERROR;
				GCC_WARN_UNDECLARED_SELECTOR = YES;
				GCC_WARN_UNINITIALIZED_AUTOS = YES_AGGRESSIVE;
				GCC_WARN_UNUSED_FUNCTION = YES;
				GCC_WARN_UNUSED_VARIABLE = YES;
				IPHONEOS_DEPLOYMENT_TARGET = 16.2;
				MTL_ENABLE_DEBUG_INFO = NO;
				MTL_FAST_MATH = YES;
				SDKROOT = iphoneos;
				SWIFT_COMPILATION_MODE = wholemodule;
				SWIFT_OPTIMIZATION_LEVEL = "-O";
				VALIDATE_PRODUCT = YES;
			};
			name = Release;
		};
		8431211D2A2B73C200066859 /* Debug */ = {
			isa = XCBuildConfiguration;
			baseConfigurationReference = FF63265F1ACB2CF24B7F32E2 /* Pods-CurrencyBM.debug.xcconfig */;
			buildSettings = {
				ASSETCATALOG_COMPILER_APPICON_NAME = AppIcon;
				ASSETCATALOG_COMPILER_GLOBAL_ACCENT_COLOR_NAME = AccentColor;
				CODE_SIGN_STYLE = Automatic;
				CURRENT_PROJECT_VERSION = 1;
				DEVELOPMENT_ASSET_PATHS = "\"CurrencyBM/Preview Content\"";
				ENABLE_PREVIEWS = YES;
				GENERATE_INFOPLIST_FILE = YES;
				INFOPLIST_FILE = CurrencyBM/Info.plist;
				INFOPLIST_KEY_CFBundleDisplayName = "BM Currency";
				INFOPLIST_KEY_UIApplicationSceneManifest_Generation = YES;
				INFOPLIST_KEY_UIApplicationSupportsIndirectInputEvents = YES;
				INFOPLIST_KEY_UILaunchScreen_Generation = YES;
				INFOPLIST_KEY_UISupportedInterfaceOrientations_iPad = "UIInterfaceOrientationPortrait UIInterfaceOrientationPortraitUpsideDown UIInterfaceOrientationLandscapeLeft UIInterfaceOrientationLandscapeRight";
				INFOPLIST_KEY_UISupportedInterfaceOrientations_iPhone = "UIInterfaceOrientationPortrait UIInterfaceOrientationLandscapeLeft UIInterfaceOrientationLandscapeRight";
				INFOPLIST_KEY_UIUserInterfaceStyle = Light;
				IPHONEOS_DEPLOYMENT_TARGET = 14.0;
				LD_RUNPATH_SEARCH_PATHS = (
					"$(inherited)",
					"@executable_path/Frameworks",
				);
				MARKETING_VERSION = 1.0;
				PRODUCT_BUNDLE_IDENTIFIER = com.envision.CurrencyBM;
				PRODUCT_NAME = "$(TARGET_NAME)";
				SUPPORTED_PLATFORMS = "iphoneos iphonesimulator";
				SUPPORTS_MACCATALYST = NO;
				SUPPORTS_MAC_DESIGNED_FOR_IPHONE_IPAD = NO;
				SWIFT_EMIT_LOC_STRINGS = YES;
				SWIFT_VERSION = 5.0;
				TARGETED_DEVICE_FAMILY = 1;
			};
			name = Debug;
		};
		8431211E2A2B73C200066859 /* Release */ = {
			isa = XCBuildConfiguration;
			baseConfigurationReference = 85FA601304DA6A1B50D96D26 /* Pods-CurrencyBM.release.xcconfig */;
			buildSettings = {
				ASSETCATALOG_COMPILER_APPICON_NAME = AppIcon;
				ASSETCATALOG_COMPILER_GLOBAL_ACCENT_COLOR_NAME = AccentColor;
				CODE_SIGN_STYLE = Automatic;
				CURRENT_PROJECT_VERSION = 1;
				DEVELOPMENT_ASSET_PATHS = "\"CurrencyBM/Preview Content\"";
				ENABLE_PREVIEWS = YES;
				GENERATE_INFOPLIST_FILE = YES;
				INFOPLIST_FILE = CurrencyBM/Info.plist;
				INFOPLIST_KEY_CFBundleDisplayName = "BM Currency";
				INFOPLIST_KEY_UIApplicationSceneManifest_Generation = YES;
				INFOPLIST_KEY_UIApplicationSupportsIndirectInputEvents = YES;
				INFOPLIST_KEY_UILaunchScreen_Generation = YES;
				INFOPLIST_KEY_UISupportedInterfaceOrientations_iPad = "UIInterfaceOrientationPortrait UIInterfaceOrientationPortraitUpsideDown UIInterfaceOrientationLandscapeLeft UIInterfaceOrientationLandscapeRight";
				INFOPLIST_KEY_UISupportedInterfaceOrientations_iPhone = "UIInterfaceOrientationPortrait UIInterfaceOrientationLandscapeLeft UIInterfaceOrientationLandscapeRight";
				INFOPLIST_KEY_UIUserInterfaceStyle = Light;
				IPHONEOS_DEPLOYMENT_TARGET = 14.0;
				LD_RUNPATH_SEARCH_PATHS = (
					"$(inherited)",
					"@executable_path/Frameworks",
				);
				MARKETING_VERSION = 1.0;
				PRODUCT_BUNDLE_IDENTIFIER = com.envision.CurrencyBM;
				PRODUCT_NAME = "$(TARGET_NAME)";
				SUPPORTED_PLATFORMS = "iphoneos iphonesimulator";
				SUPPORTS_MACCATALYST = NO;
				SUPPORTS_MAC_DESIGNED_FOR_IPHONE_IPAD = NO;
				SWIFT_EMIT_LOC_STRINGS = YES;
				SWIFT_VERSION = 5.0;
				TARGETED_DEVICE_FAMILY = 1;
			};
			name = Release;
		};
		843121202A2B73C200066859 /* Debug */ = {
			isa = XCBuildConfiguration;
			baseConfigurationReference = FAF1EC24A2643580950815ED /* Pods-CurrencyBMTests.debug.xcconfig */;
			buildSettings = {
				ALWAYS_EMBED_SWIFT_STANDARD_LIBRARIES = YES;
				BUNDLE_LOADER = "$(TEST_HOST)";
				CODE_SIGN_STYLE = Automatic;
				CURRENT_PROJECT_VERSION = 1;
				GENERATE_INFOPLIST_FILE = YES;
				IPHONEOS_DEPLOYMENT_TARGET = 16.2;
				MARKETING_VERSION = 1.0;
				PRODUCT_BUNDLE_IDENTIFIER = com.envision.CurrencyBMTests;
				PRODUCT_NAME = "$(TARGET_NAME)";
				SWIFT_EMIT_LOC_STRINGS = NO;
				SWIFT_VERSION = 5.0;
				TARGETED_DEVICE_FAMILY = "1,2";
				TEST_HOST = "$(BUILT_PRODUCTS_DIR)/CurrencyBM.app/$(BUNDLE_EXECUTABLE_FOLDER_PATH)/CurrencyBM";
			};
			name = Debug;
		};
		843121212A2B73C200066859 /* Release */ = {
			isa = XCBuildConfiguration;
			baseConfigurationReference = 0C4A86C2FA663CE6FC56B98D /* Pods-CurrencyBMTests.release.xcconfig */;
			buildSettings = {
				ALWAYS_EMBED_SWIFT_STANDARD_LIBRARIES = YES;
				BUNDLE_LOADER = "$(TEST_HOST)";
				CODE_SIGN_STYLE = Automatic;
				CURRENT_PROJECT_VERSION = 1;
				GENERATE_INFOPLIST_FILE = YES;
				IPHONEOS_DEPLOYMENT_TARGET = 16.2;
				MARKETING_VERSION = 1.0;
				PRODUCT_BUNDLE_IDENTIFIER = com.envision.CurrencyBMTests;
				PRODUCT_NAME = "$(TARGET_NAME)";
				SWIFT_EMIT_LOC_STRINGS = NO;
				SWIFT_VERSION = 5.0;
				TARGETED_DEVICE_FAMILY = "1,2";
				TEST_HOST = "$(BUILT_PRODUCTS_DIR)/CurrencyBM.app/$(BUNDLE_EXECUTABLE_FOLDER_PATH)/CurrencyBM";
			};
			name = Release;
		};
		843121232A2B73C200066859 /* Debug */ = {
			isa = XCBuildConfiguration;
			baseConfigurationReference = 55F3453A2D02E1D7245FAA84 /* Pods-CurrencyBM-CurrencyBMUITests.debug.xcconfig */;
			buildSettings = {
				ALWAYS_EMBED_SWIFT_STANDARD_LIBRARIES = YES;
				CODE_SIGN_STYLE = Automatic;
				CURRENT_PROJECT_VERSION = 1;
				GENERATE_INFOPLIST_FILE = YES;
				MARKETING_VERSION = 1.0;
				PRODUCT_BUNDLE_IDENTIFIER = com.envision.CurrencyBMUITests;
				PRODUCT_NAME = "$(TARGET_NAME)";
				SWIFT_EMIT_LOC_STRINGS = NO;
				SWIFT_VERSION = 5.0;
				TARGETED_DEVICE_FAMILY = "1,2";
				TEST_TARGET_NAME = CurrencyBM;
			};
			name = Debug;
		};
		843121242A2B73C200066859 /* Release */ = {
			isa = XCBuildConfiguration;
			baseConfigurationReference = 478137A7C1AE18C16C5E3709 /* Pods-CurrencyBM-CurrencyBMUITests.release.xcconfig */;
			buildSettings = {
				ALWAYS_EMBED_SWIFT_STANDARD_LIBRARIES = YES;
				CODE_SIGN_STYLE = Automatic;
				CURRENT_PROJECT_VERSION = 1;
				GENERATE_INFOPLIST_FILE = YES;
				MARKETING_VERSION = 1.0;
				PRODUCT_BUNDLE_IDENTIFIER = com.envision.CurrencyBMUITests;
				PRODUCT_NAME = "$(TARGET_NAME)";
				SWIFT_EMIT_LOC_STRINGS = NO;
				SWIFT_VERSION = 5.0;
				TARGETED_DEVICE_FAMILY = "1,2";
				TEST_TARGET_NAME = CurrencyBM;
			};
			name = Release;
		};
/* End XCBuildConfiguration section */

/* Begin XCConfigurationList section */
		843120EE2A2B73BD00066859 /* Build configuration list for PBXProject "CurrencyBM" */ = {
			isa = XCConfigurationList;
			buildConfigurations = (
				8431211A2A2B73C200066859 /* Debug */,
				8431211B2A2B73C200066859 /* Release */,
			);
			defaultConfigurationIsVisible = 0;
			defaultConfigurationName = Release;
		};
		8431211C2A2B73C200066859 /* Build configuration list for PBXNativeTarget "CurrencyBM" */ = {
			isa = XCConfigurationList;
			buildConfigurations = (
				8431211D2A2B73C200066859 /* Debug */,
				8431211E2A2B73C200066859 /* Release */,
			);
			defaultConfigurationIsVisible = 0;
			defaultConfigurationName = Release;
		};
		8431211F2A2B73C200066859 /* Build configuration list for PBXNativeTarget "CurrencyBMTests" */ = {
			isa = XCConfigurationList;
			buildConfigurations = (
				843121202A2B73C200066859 /* Debug */,
				843121212A2B73C200066859 /* Release */,
			);
			defaultConfigurationIsVisible = 0;
			defaultConfigurationName = Release;
		};
		843121222A2B73C200066859 /* Build configuration list for PBXNativeTarget "CurrencyBMUITests" */ = {
			isa = XCConfigurationList;
			buildConfigurations = (
				843121232A2B73C200066859 /* Debug */,
				843121242A2B73C200066859 /* Release */,
			);
			defaultConfigurationIsVisible = 0;
			defaultConfigurationName = Release;
		};
/* End XCConfigurationList section */

/* Begin XCVersionGroup section */
		843121012A2B73C100066859 /* CurrencyBM.xcdatamodeld */ = {
			isa = XCVersionGroup;
			children = (
				843121022A2B73C100066859 /* CurrencyBM.xcdatamodel */,
			);
			currentVersion = 843121022A2B73C100066859 /* CurrencyBM.xcdatamodel */;
			path = CurrencyBM.xcdatamodeld;
			sourceTree = "<group>";
			versionGroupType = wrapper.xcdatamodel;
		};
/* End XCVersionGroup section */
	};
	rootObject = 843120EB2A2B73BD00066859 /* Project object */;
}
